// !$*UTF8*$!
{
	archiveVersion = 1;
	classes = {
	};
	objectVersion = 46;
	objects = {

/* Begin PBXBuildFile section */
		70BFD2991AE2565E002EBE9F /* AppKit.framework in Frameworks */ = {isa = PBXBuildFile; fileRef = 70BFD2981AE2565E002EBE9F /* AppKit.framework */; };
		70BFD29B1AE2565E002EBE9F /* Foundation.framework in Frameworks */ = {isa = PBXBuildFile; fileRef = 70BFD29A1AE2565E002EBE9F /* Foundation.framework */; };
		70BFD2A01AE2565E002EBE9F /* XcodeBookmark.xcscheme in Resources */ = {isa = PBXBuildFile; fileRef = 70BFD29F1AE2565E002EBE9F /* XcodeBookmark.xcscheme */; };
		70BFD2A31AE2565E002EBE9F /* XcodeBookmark.m in Sources */ = {isa = PBXBuildFile; fileRef = 70BFD2A21AE2565E002EBE9F /* XcodeBookmark.m */; };
		70BFD2AC1AE258B8002EBE9F /* DVTFoundation.framework in Frameworks */ = {isa = PBXBuildFile; fileRef = 70BFD2A91AE258B8002EBE9F /* DVTFoundation.framework */; };
		70BFD2AD1AE258B8002EBE9F /* IDEFoundation.framework in Frameworks */ = {isa = PBXBuildFile; fileRef = 70BFD2AA1AE258B8002EBE9F /* IDEFoundation.framework */; };
		70BFD2AE1AE258B8002EBE9F /* IDEKit.framework in Frameworks */ = {isa = PBXBuildFile; fileRef = 70BFD2AB1AE258B8002EBE9F /* IDEKit.framework */; };
/* End PBXBuildFile section */

/* Begin PBXFileReference section */
		70559F211AE25855001D8645 /* DVTTextDocumentLocation.h */ = {isa = PBXFileReference; fileEncoding = 4; lastKnownFileType = sourcecode.c.h; path = DVTTextDocumentLocation.h; sourceTree = "<group>"; };
		70559F221AE25855001D8645 /* IDEBreakpoint.h */ = {isa = PBXFileReference; fileEncoding = 4; lastKnownFileType = sourcecode.c.h; path = IDEBreakpoint.h; sourceTree = "<group>"; };
		70559F231AE25855001D8645 /* IDEBreakpointAction.h */ = {isa = PBXFileReference; fileEncoding = 4; lastKnownFileType = sourcecode.c.h; path = IDEBreakpointAction.h; sourceTree = "<group>"; };
		70559F241AE25855001D8645 /* IDEBreakpointManager.h */ = {isa = PBXFileReference; fileEncoding = 4; lastKnownFileType = sourcecode.c.h; path = IDEBreakpointManager.h; sourceTree = "<group>"; };
		70559F251AE25855001D8645 /* IDEComparisonEditor.h */ = {isa = PBXFileReference; fileEncoding = 4; lastKnownFileType = sourcecode.c.h; path = IDEComparisonEditor.h; sourceTree = "<group>"; };
		70559F261AE25855001D8645 /* IDEDebuggerCommandBreakpointAction.h */ = {isa = PBXFileReference; fileEncoding = 4; lastKnownFileType = sourcecode.c.h; path = IDEDebuggerCommandBreakpointAction.h; sourceTree = "<group>"; };
		70559F271AE25855001D8645 /* IDEEditor.h */ = {isa = PBXFileReference; fileEncoding = 4; lastKnownFileType = sourcecode.c.h; path = IDEEditor.h; sourceTree = "<group>"; };
		70559F281AE25855001D8645 /* IDEEditorArea.h */ = {isa = PBXFileReference; fileEncoding = 4; lastKnownFileType = sourcecode.c.h; path = IDEEditorArea.h; sourceTree = "<group>"; };
		70559F291AE25855001D8645 /* IDEEditorContext.h */ = {isa = PBXFileReference; fileEncoding = 4; lastKnownFileType = sourcecode.c.h; path = IDEEditorContext.h; sourceTree = "<group>"; };
		70559F2A1AE25855001D8645 /* IDEEditorHistoryItem.h */ = {isa = PBXFileReference; fileEncoding = 4; lastKnownFileType = sourcecode.c.h; path = IDEEditorHistoryItem.h; sourceTree = "<group>"; };
		70559F2B1AE25855001D8645 /* IDEEditorHistoryStack.h */ = {isa = PBXFileReference; fileEncoding = 4; lastKnownFileType = sourcecode.c.h; path = IDEEditorHistoryStack.h; sourceTree = "<group>"; };
		70559F2C1AE25855001D8645 /* IDEFileBreakpoint.h */ = {isa = PBXFileReference; fileEncoding = 4; lastKnownFileType = sourcecode.c.h; path = IDEFileBreakpoint.h; sourceTree = "<group>"; };
		70559F2D1AE25855001D8645 /* IDELogBreakpointAction.h */ = {isa = PBXFileReference; fileEncoding = 4; lastKnownFileType = sourcecode.c.h; path = IDELogBreakpointAction.h; sourceTree = "<group>"; };
		70559F2E1AE25855001D8645 /* IDESourceCodeComparisonEditor.h */ = {isa = PBXFileReference; fileEncoding = 4; lastKnownFileType = sourcecode.c.h; path = IDESourceCodeComparisonEditor.h; sourceTree = "<group>"; };
		70559F2F1AE25855001D8645 /* IDESourceCodeEditor.h */ = {isa = PBXFileReference; fileEncoding = 4; lastKnownFileType = sourcecode.c.h; path = IDESourceCodeEditor.h; sourceTree = "<group>"; };
		70559F301AE25855001D8645 /* IDEWorkspace.h */ = {isa = PBXFileReference; fileEncoding = 4; lastKnownFileType = sourcecode.c.h; path = IDEWorkspace.h; sourceTree = "<group>"; };
		70559F311AE25855001D8645 /* IDEWorkspaceDocument.h */ = {isa = PBXFileReference; fileEncoding = 4; lastKnownFileType = sourcecode.c.h; path = IDEWorkspaceDocument.h; sourceTree = "<group>"; };
		70559F321AE25855001D8645 /* IDEWorkspaceWindowController.h */ = {isa = PBXFileReference; fileEncoding = 4; lastKnownFileType = sourcecode.c.h; path = IDEWorkspaceWindowController.h; sourceTree = "<group>"; };
		70559F331AE25855001D8645 /* Xcode.h */ = {isa = PBXFileReference; fileEncoding = 4; lastKnownFileType = sourcecode.c.h; path = Xcode.h; sourceTree = "<group>"; };
		70BFD2951AE2565E002EBE9F /* XcodeBookmark.xcplugin */ = {isa = PBXFileReference; explicitFileType = wrapper.cfbundle; includeInIndex = 0; path = XcodeBookmark.xcplugin; sourceTree = BUILT_PRODUCTS_DIR; };
		70BFD2981AE2565E002EBE9F /* AppKit.framework */ = {isa = PBXFileReference; lastKnownFileType = wrapper.framework; name = AppKit.framework; path = /System/Library/Frameworks/AppKit.framework; sourceTree = "<absolute>"; };
		70BFD29A1AE2565E002EBE9F /* Foundation.framework */ = {isa = PBXFileReference; lastKnownFileType = wrapper.framework; name = Foundation.framework; path = /System/Library/Frameworks/Foundation.framework; sourceTree = "<absolute>"; };
		70BFD29E1AE2565E002EBE9F /* Info.plist */ = {isa = PBXFileReference; lastKnownFileType = text.plist.xml; path = Info.plist; sourceTree = "<group>"; };
		70BFD29F1AE2565E002EBE9F /* XcodeBookmark.xcscheme */ = {isa = PBXFileReference; lastKnownFileType = text.xml; name = XcodeBookmark.xcscheme; path = XcodeBookmark.xcodeproj/xcshareddata/xcschemes/XcodeBookmark.xcscheme; sourceTree = SOURCE_ROOT; };
		70BFD2A11AE2565E002EBE9F /* XcodeBookmark.h */ = {isa = PBXFileReference; lastKnownFileType = sourcecode.c.h; path = XcodeBookmark.h; sourceTree = "<group>"; };
		70BFD2A21AE2565E002EBE9F /* XcodeBookmark.m */ = {isa = PBXFileReference; lastKnownFileType = sourcecode.c.objc; path = XcodeBookmark.m; sourceTree = "<group>"; };
		70BFD2A91AE258B8002EBE9F /* DVTFoundation.framework */ = {isa = PBXFileReference; lastKnownFileType = wrapper.framework; name = DVTFoundation.framework; path = ../../Applications/Xcode.app/Contents/SharedFrameworks/DVTFoundation.framework; sourceTree = "<group>"; };
		70BFD2AA1AE258B8002EBE9F /* IDEFoundation.framework */ = {isa = PBXFileReference; lastKnownFileType = wrapper.framework; name = IDEFoundation.framework; path = ../../Applications/Xcode.app/Contents/Frameworks/IDEFoundation.framework; sourceTree = "<group>"; };
		70BFD2AB1AE258B8002EBE9F /* IDEKit.framework */ = {isa = PBXFileReference; lastKnownFileType = wrapper.framework; name = IDEKit.framework; path = ../../Applications/Xcode.app/Contents/Frameworks/IDEKit.framework; sourceTree = "<group>"; };
/* End PBXFileReference section */

/* Begin PBXFrameworksBuildPhase section */
		70BFD2931AE2565E002EBE9F /* Frameworks */ = {
			isa = PBXFrameworksBuildPhase;
			buildActionMask = 2147483647;
			files = (
				70BFD2AD1AE258B8002EBE9F /* IDEFoundation.framework in Frameworks */,
				70BFD2991AE2565E002EBE9F /* AppKit.framework in Frameworks */,
				70BFD29B1AE2565E002EBE9F /* Foundation.framework in Frameworks */,
				70BFD2AC1AE258B8002EBE9F /* DVTFoundation.framework in Frameworks */,
				70BFD2AE1AE258B8002EBE9F /* IDEKit.framework in Frameworks */,
			);
			runOnlyForDeploymentPostprocessing = 0;
		};
/* End PBXFrameworksBuildPhase section */

/* Begin PBXGroup section */
		70559F201AE25855001D8645 /* xcode-headers */ = {
			isa = PBXGroup;
			children = (
				70559F211AE25855001D8645 /* DVTTextDocumentLocation.h */,
				70559F221AE25855001D8645 /* IDEBreakpoint.h */,
				70559F231AE25855001D8645 /* IDEBreakpointAction.h */,
				70559F241AE25855001D8645 /* IDEBreakpointManager.h */,
				70559F251AE25855001D8645 /* IDEComparisonEditor.h */,
				70559F261AE25855001D8645 /* IDEDebuggerCommandBreakpointAction.h */,
				70559F271AE25855001D8645 /* IDEEditor.h */,
				70559F281AE25855001D8645 /* IDEEditorArea.h */,
				70559F291AE25855001D8645 /* IDEEditorContext.h */,
				70559F2A1AE25855001D8645 /* IDEEditorHistoryItem.h */,
				70559F2B1AE25855001D8645 /* IDEEditorHistoryStack.h */,
				70559F2C1AE25855001D8645 /* IDEFileBreakpoint.h */,
				70559F2D1AE25855001D8645 /* IDELogBreakpointAction.h */,
				70559F2E1AE25855001D8645 /* IDESourceCodeComparisonEditor.h */,
				70559F2F1AE25855001D8645 /* IDESourceCodeEditor.h */,
				70559F301AE25855001D8645 /* IDEWorkspace.h */,
				70559F311AE25855001D8645 /* IDEWorkspaceDocument.h */,
				70559F321AE25855001D8645 /* IDEWorkspaceWindowController.h */,
				70559F331AE25855001D8645 /* Xcode.h */,
			);
			name = "xcode-headers";
			path = "XcodeBookmark/xcode-headers";
			sourceTree = "<group>";
		};
		70BFD28C1AE2565E002EBE9F = {
			isa = PBXGroup;
			children = (
				70559F201AE25855001D8645 /* xcode-headers */,
				70BFD29C1AE2565E002EBE9F /* XcodeBookmark */,
				70BFD2971AE2565E002EBE9F /* Frameworks */,
				70BFD2961AE2565E002EBE9F /* Products */,
			);
			sourceTree = "<group>";
		};
		70BFD2961AE2565E002EBE9F /* Products */ = {
			isa = PBXGroup;
			children = (
				70BFD2951AE2565E002EBE9F /* XcodeBookmark.xcplugin */,
			);
			name = Products;
			sourceTree = "<group>";
		};
		70BFD2971AE2565E002EBE9F /* Frameworks */ = {
			isa = PBXGroup;
			children = (
				70BFD2A91AE258B8002EBE9F /* DVTFoundation.framework */,
				70BFD2AA1AE258B8002EBE9F /* IDEFoundation.framework */,
				70BFD2AB1AE258B8002EBE9F /* IDEKit.framework */,
				70BFD2981AE2565E002EBE9F /* AppKit.framework */,
				70BFD29A1AE2565E002EBE9F /* Foundation.framework */,
			);
			name = Frameworks;
			sourceTree = "<group>";
		};
		70BFD29C1AE2565E002EBE9F /* XcodeBookmark */ = {
			isa = PBXGroup;
			children = (
				70BFD2A11AE2565E002EBE9F /* XcodeBookmark.h */,
				70BFD2A21AE2565E002EBE9F /* XcodeBookmark.m */,
				70BFD29D1AE2565E002EBE9F /* Supporting Files */,
			);
			path = XcodeBookmark;
			sourceTree = "<group>";
		};
		70BFD29D1AE2565E002EBE9F /* Supporting Files */ = {
			isa = PBXGroup;
			children = (
				70BFD29E1AE2565E002EBE9F /* Info.plist */,
				70BFD29F1AE2565E002EBE9F /* XcodeBookmark.xcscheme */,
			);
			name = "Supporting Files";
			sourceTree = "<group>";
		};
/* End PBXGroup section */

/* Begin PBXNativeTarget section */
		70BFD2941AE2565E002EBE9F /* XcodeBookmark */ = {
			isa = PBXNativeTarget;
			buildConfigurationList = 70BFD2A61AE2565E002EBE9F /* Build configuration list for PBXNativeTarget "XcodeBookmark" */;
			buildPhases = (
				70BFD2911AE2565E002EBE9F /* Sources */,
				70BFD2921AE2565E002EBE9F /* Resources */,
				70BFD2931AE2565E002EBE9F /* Frameworks */,
			);
			buildRules = (
			);
			dependencies = (
			);
			name = XcodeBookmark;
			productName = XcodeBookmark;
			productReference = 70BFD2951AE2565E002EBE9F /* XcodeBookmark.xcplugin */;
			productType = "com.apple.product-type.bundle";
		};
/* End PBXNativeTarget section */

/* Begin PBXProject section */
		70BFD28D1AE2565E002EBE9F /* Project object */ = {
			isa = PBXProject;
			attributes = {
				LastUpgradeCheck = 0620;
				ORGANIZATIONNAME = "Nick Xiao";
				TargetAttributes = {
					70BFD2941AE2565E002EBE9F = {
						CreatedOnToolsVersion = 6.2;
					};
				};
			};
			buildConfigurationList = 70BFD2901AE2565E002EBE9F /* Build configuration list for PBXProject "XcodeBookmark" */;
			compatibilityVersion = "Xcode 3.2";
			developmentRegion = English;
			hasScannedForEncodings = 0;
			knownRegions = (
				en,
			);
			mainGroup = 70BFD28C1AE2565E002EBE9F;
			productRefGroup = 70BFD2961AE2565E002EBE9F /* Products */;
			projectDirPath = "";
			projectRoot = "";
			targets = (
				70BFD2941AE2565E002EBE9F /* XcodeBookmark */,
			);
		};
/* End PBXProject section */

/* Begin PBXResourcesBuildPhase section */
		70BFD2921AE2565E002EBE9F /* Resources */ = {
			isa = PBXResourcesBuildPhase;
			buildActionMask = 2147483647;
			files = (
				70BFD2A01AE2565E002EBE9F /* XcodeBookmark.xcscheme in Resources */,
			);
			runOnlyForDeploymentPostprocessing = 0;
		};
/* End PBXResourcesBuildPhase section */

/* Begin PBXSourcesBuildPhase section */
		70BFD2911AE2565E002EBE9F /* Sources */ = {
			isa = PBXSourcesBuildPhase;
			buildActionMask = 2147483647;
			files = (
				70BFD2A31AE2565E002EBE9F /* XcodeBookmark.m in Sources */,
			);
			runOnlyForDeploymentPostprocessing = 0;
		};
/* End PBXSourcesBuildPhase section */

/* Begin XCBuildConfiguration section */
		70BFD2A41AE2565E002EBE9F /* Debug */ = {
			isa = XCBuildConfiguration;
			buildSettings = {
				ALWAYS_SEARCH_USER_PATHS = NO;
				CLANG_CXX_LANGUAGE_STANDARD = "gnu++0x";
				CLANG_CXX_LIBRARY = "libc++";
				CLANG_ENABLE_MODULES = YES;
				CLANG_ENABLE_OBJC_ARC = YES;
				CLANG_WARN_BOOL_CONVERSION = YES;
				CLANG_WARN_CONSTANT_CONVERSION = YES;
				CLANG_WARN_DIRECT_OBJC_ISA_USAGE = YES_ERROR;
				CLANG_WARN_EMPTY_BODY = YES;
				CLANG_WARN_ENUM_CONVERSION = YES;
				CLANG_WARN_INT_CONVERSION = YES;
				CLANG_WARN_OBJC_ROOT_CLASS = YES_ERROR;
				CLANG_WARN_UNREACHABLE_CODE = YES;
				CLANG_WARN__DUPLICATE_METHOD_MATCH = YES;
				COPY_PHASE_STRIP = NO;
				ENABLE_STRICT_OBJC_MSGSEND = YES;
				GCC_C_LANGUAGE_STANDARD = gnu99;
				GCC_DYNAMIC_NO_PIC = NO;
				GCC_OPTIMIZATION_LEVEL = 0;
				GCC_PREPROCESSOR_DEFINITIONS = (
					"DEBUG=1",
					"$(inherited)",
				);
				GCC_SYMBOLS_PRIVATE_EXTERN = NO;
				GCC_WARN_64_TO_32_BIT_CONVERSION = YES;
				GCC_WARN_ABOUT_RETURN_TYPE = YES_ERROR;
				GCC_WARN_UNDECLARED_SELECTOR = YES;
				GCC_WARN_UNINITIALIZED_AUTOS = YES_AGGRESSIVE;
				GCC_WARN_UNUSED_FUNCTION = YES;
				GCC_WARN_UNUSED_VARIABLE = YES;
				MTL_ENABLE_DEBUG_INFO = YES;
				ONLY_ACTIVE_ARCH = YES;
			};
			name = Debug;
		};
		70BFD2A51AE2565E002EBE9F /* Release */ = {
			isa = XCBuildConfiguration;
			buildSettings = {
				ALWAYS_SEARCH_USER_PATHS = NO;
				CLANG_CXX_LANGUAGE_STANDARD = "gnu++0x";
				CLANG_CXX_LIBRARY = "libc++";
				CLANG_ENABLE_MODULES = YES;
				CLANG_ENABLE_OBJC_ARC = YES;
				CLANG_WARN_BOOL_CONVERSION = YES;
				CLANG_WARN_CONSTANT_CONVERSION = YES;
				CLANG_WARN_DIRECT_OBJC_ISA_USAGE = YES_ERROR;
				CLANG_WARN_EMPTY_BODY = YES;
				CLANG_WARN_ENUM_CONVERSION = YES;
				CLANG_WARN_INT_CONVERSION = YES;
				CLANG_WARN_OBJC_ROOT_CLASS = YES_ERROR;
				CLANG_WARN_UNREACHABLE_CODE = YES;
				CLANG_WARN__DUPLICATE_METHOD_MATCH = YES;
				COPY_PHASE_STRIP = NO;
				ENABLE_NS_ASSERTIONS = NO;
				ENABLE_STRICT_OBJC_MSGSEND = YES;
				GCC_C_LANGUAGE_STANDARD = gnu99;
				GCC_WARN_64_TO_32_BIT_CONVERSION = YES;
				GCC_WARN_ABOUT_RETURN_TYPE = YES_ERROR;
				GCC_WARN_UNDECLARED_SELECTOR = YES;
				GCC_WARN_UNINITIALIZED_AUTOS = YES_AGGRESSIVE;
				GCC_WARN_UNUSED_FUNCTION = YES;
				GCC_WARN_UNUSED_VARIABLE = YES;
				MTL_ENABLE_DEBUG_INFO = NO;
			};
			name = Release;
		};
		70BFD2A71AE2565E002EBE9F /* Debug */ = {
			isa = XCBuildConfiguration;
			buildSettings = {
				COMBINE_HIDPI_IMAGES = YES;
				DEPLOYMENT_LOCATION = YES;
				DSTROOT = "$(HOME)";
				FRAMEWORK_SEARCH_PATHS = (
					"$(inherited)",
					"$(SYSTEM_APPS_DIR)/Xcode.app/Contents/SharedFrameworks",
					"$(SYSTEM_APPS_DIR)/Xcode.app/Contents/Frameworks",
				);
				INFOPLIST_FILE = XcodeBookmark/Info.plist;
				INSTALL_PATH = "/Library/Application Support/Developer/Shared/Xcode/Plug-ins";
				MACOSX_DEPLOYMENT_TARGET = 10.10;
				PRODUCT_NAME = "$(TARGET_NAME)";
				WRAPPER_EXTENSION = xcplugin;
			};
			name = Debug;
		};
		70BFD2A81AE2565E002EBE9F /* Release */ = {
			isa = XCBuildConfiguration;
			buildSettings = {
				COMBINE_HIDPI_IMAGES = YES;
				DEPLOYMENT_LOCATION = YES;
				DSTROOT = "$(HOME)";
				FRAMEWORK_SEARCH_PATHS = (
					"$(inherited)",
					"$(SYSTEM_APPS_DIR)/Xcode.app/Contents/SharedFrameworks",
					"$(SYSTEM_APPS_DIR)/Xcode.app/Contents/Frameworks",
				);
				INFOPLIST_FILE = XcodeBookmark/Info.plist;
				INSTALL_PATH = "/Library/Application Support/Developer/Shared/Xcode/Plug-ins";
				MACOSX_DEPLOYMENT_TARGET = 10.10;
				PRODUCT_NAME = "$(TARGET_NAME)";
				WRAPPER_EXTENSION = xcplugin;
			};
			name = Release;
		};
/* End XCBuildConfiguration section */

/* Begin XCConfigurationList section */
		70BFD2901AE2565E002EBE9F /* Build configuration list for PBXProject "XcodeBookmark" */ = {
			isa = XCConfigurationList;
			buildConfigurations = (
				70BFD2A41AE2565E002EBE9F /* Debug */,
				70BFD2A51AE2565E002EBE9F /* Release */,
			);
			defaultConfigurationIsVisible = 0;
			defaultConfigurationName = Release;
		};
		70BFD2A61AE2565E002EBE9F /* Build configuration list for PBXNativeTarget "XcodeBookmark" */ = {
			isa = XCConfigurationList;
			buildConfigurations = (
				70BFD2A71AE2565E002EBE9F /* Debug */,
				70BFD2A81AE2565E002EBE9F /* Release */,
			);
			defaultConfigurationIsVisible = 0;
			defaultConfigurationName = Release;
		};
/* End XCConfigurationList section */
	};
	rootObject = 70BFD28D1AE2565E002EBE9F /* Project object */;
}
